
Microsoft Visual Studio Solution File, Format Version 12.00
# Visual Studio Version 16
VisualStudioVersion = 16.0.30011.22
MinimumVisualStudioVersion = 10.0.40219.1
Project("{FAE04EC0-301F-11D3-BF4B-00C04F79EFBC}") = "CityInfo.API", "CityInfo.API\CityInfo.API.csproj", "{2F69A928-D498-4AAC-A117-774B23DA0EAF}"
EndProject
Global
	GlobalSection(SolutionConfigurationPlatforms) = preSolution
		Debug|Any CPU = Debug|Any CPU
		Release|Any CPU = Release|Any CPU
	EndGlobalSection
	GlobalSection(ProjectConfigurationPlatforms) = postSolution
		{2F69A928-D498-4AAC-A117-774B23DA0EAF}.Debug|Any CPU.ActiveCfg = Debug|Any CPU
		{2F69A928-D498-4AAC-A117-774B23DA0EAF}.Debug|Any CPU.Build.0 = Debug|Any CPU
		{2F69A928-D498-4AAC-A117-774B23DA0EAF}.Release|Any CPU.ActiveCfg = Release|Any CPU
		{2F69A928-D498-4AAC-A117-774B23DA0EAF}.Release|Any CPU.Build.0 = Release|Any CPU
	EndGlobalSection
	GlobalSection(SolutionProperties) = preSolution
		HideSolutionNode = FALSE
	EndGlobalSection
	GlobalSection(ExtensibilityGlobals) = postSolution
		SolutionGuid = {BEFD1D1B-C652-4116-9214-0F7E2594CDA7}
	EndGlobalSection
EndGlobal
